{"1.2.0",
[{<<"app_config">>,
  {git,"https://github.com/leapsight/app_config.git",
       {ref,"6c4aee8fc3d08b59e22183a530cb4ce29d4b348b"}},
  1},
 {<<"backoff">>,{pkg,<<"backoff">>,<<"1.1.6">>},1},
 {<<"base62">>,
  {git,"https://github.com/leapsight/base62.git",
       {ref,"6e1c622c2e9bba51fadba44fa050d4b4ae706890"}},
  3},
 {<<"bloomfi">>,
  {git,"https://github.com/Leapsight/bloomfi.git",
       {ref,"d09a310876ea82e49aa984d8d385725918c8d7c1"}},
  1},
 {<<"bondy_mst">>,
  {git,"https://github.com/bondy-io/bondy_mst.git",
       {ref,"3ff177084842bf01509e05442f505d218759b7e7"}},
  0},
 {<<"gproc">>,{pkg,<<"gproc">>,<<"1.0.0">>},0},
 {<<"key_value">>,
  {git,"https://github.com/leapsight/key_value.git",
       {ref,"cf0143bf3a91c1d41ace9ef938e314307c80bd1f"}},
  1},
 {<<"ksuid">>,
  {git,"https://github.com/leapsight/ksuid.git",
       {ref,"315e954846ec5f8d300bec52b88aca60015a9bc2"}},
  2},
 {<<"maps_utils">>,
  {git,"https://github.com/Leapsight/maps_utils.git",
       {ref,"afa2da62e0e691ce33d1008cc424c994fff339bf"}},
  2},
 {<<"memory">>,
  {git,"https://github.com/Leapsight/memory.git",
       {ref,"09fac9e5aab8411380adc8b8c88a23bb5a7aef22"}},
  1},
 {<<"opentelemetry_api">>,
  {git,"https://github.com/open-telemetry/opentelemetry-erlang-api.git",
       {ref,"41cb700d60a7dcfdb4165aca73634bbe1c07a33f"}},
  0},
 {<<"partisan">>,
  {git,"https://github.com/lasp-lang/partisan.git",
       {ref,"9ea358e6c641442d339e6f9c76b219c801e563dc"}},
  0},
 {<<"quickrand">>,{pkg,<<"quickrand">>,<<"2.0.7">>},1},
 {<<"resulto">>,{pkg,<<"resulto">>,<<"0.2.5">>},0},
 {<<"sbroker">>,
  {git,"https://github.com/Leapsight/sbroker.git",
       {ref,"c17ffb198dcba9719bba42072c50743902a618f2"}},
  0},
 {<<"telemetry">>,{pkg,<<"telemetry">>,<<"1.3.0">>},0},
 {<<"types">>,{pkg,<<"types">>,<<"0.1.8">>},0},
 {<<"utils">>,
  {git,"https://github.com/leapsight/utils.git",
       {ref,"cfd05ab4a02c2bfbd0ab16ae233de099a5710e21"}},
  1},
 {<<"uuid">>,{pkg,<<"uuid_erl">>,<<"2.0.7">>},0}]}.
[
{pkg_hash,[
 {<<"backoff">>, <<"83B72ED2108BA1EE8F7D1C22E0B4A00CFE3593A67DBC792799E8CCE9F42F796B">>},
 {<<"gproc">>, <<"AA9EC57F6C9FF065B16D96924168D7C7157CD1FD457680EFE4B1274F456FA500">>},
 {<<"quickrand">>, <<"D2BD76676A446E6A058D678444B7FDA1387B813710D1AF6D6E29BB92186C8820">>},
 {<<"resulto">>, <<"FE36BF7A4A0334C35256A0305CE8780BA0368337A99B3E750EA6FB632C5D5A31">>},
 {<<"telemetry">>, <<"FEDEBBAE410D715CF8E7062C96A1EF32EC22E764197F70CDA73D82778D61E7A2">>},
 {<<"types">>, <<"5782B67231E8C174FE2835395E71E669FE0121076779D2A09F1C0D58EE0E2F13">>},
 {<<"uuid">>, <<"B2078D2CC814F53AFA52D36C91E08962C7E7373585C623F4C0EA6DFB04B2AF94">>}]},
{pkg_hash_ext,[
 {<<"backoff">>, <<"CF0CFFF8995FB20562F822E5CC47D8CCF664C5ECDC26A684CBE85C225F9D7C39">>},
 {<<"gproc">>, <<"109F253C2787DE8A371A51179D4973230CBEC6239EE673FA12216A5CE7E4F902">>},
 {<<"quickrand">>, <<"B8ACBF89A224BC217C3070CA8BEBC6EB236DBE7F9767993B274084EA044D35F0">>},
 {<<"resulto">>, <<"4A2168C35FFFC6257BD8D566BED26560D053506DF80196B643E2B10F01A88A76">>},
 {<<"telemetry">>, <<"7015FC8919DBE63764F4B4B87A95B7C0996BD539E0D499BE6EC9D7F3875B79E6">>},
 {<<"types">>, <<"04285239F4954C5EDE56F78ED7778EDE24E3F2E997F7B16402A167AF0CC2658A">>},
 {<<"uuid">>, <<"4E4C5CA3461DC47C5E157ED42AA3981A053B7A186792AF972A27B14A9489324E">>}]}
].
